
Microsoft Visual Studio Solution File, Format Version 12.00
# Visual Studio Version 17
VisualStudioVersion = 17.1.32228.430
MinimumVisualStudioVersion = 10.0.40219.1
Project("{FAE04EC0-301F-11D3-BF4B-00C04F79EFBC}") = "ConsoleApp", "ConsoleApp\ConsoleApp.csproj", "{B699BB3F-B16E-4E4E-89FF-D4B430362706}"
EndProject
Global
	GlobalSection(SolutionConfigurationPlatforms) = preSolution
		Debug|Any CPU = Debug|Any CPU
		Release|Any CPU = Release|Any CPU
	EndGlobalSection
	GlobalSection(ProjectConfigurationPlatforms) = postSolution
		{B699BB3F-B16E-4E4E-89FF-D4B430362706}.Debug|Any CPU.ActiveCfg = Debug|Any CPU
		{B699BB3F-B16E-4E4E-89FF-D4B430362706}.Debug|Any CPU.Build.0 = Debug|Any CPU
		{B699BB3F-B16E-4E4E-89FF-D4B430362706}.Release|Any CPU.ActiveCfg = Release|Any CPU
		{B699BB3F-B16E-4E4E-89FF-D4B430362706}.Release|Any CPU.Build.0 = Release|Any CPU
	EndGlobalSection
	GlobalSection(SolutionProperties) = preSolution
		HideSolutionNode = FALSE
	EndGlobalSection
	GlobalSection(ExtensibilityGlobals) = postSolution
		SolutionGuid = {1C22D641-CB5E-436D-8FAF-1252D35AB8D4}
	EndGlobalSection
EndGlobal
